// !$*UTF8*$!
{
	archiveVersion = 1;
	classes = {
	};
	objectVersion = 46;
	objects = {

/* Begin PBXBuildFile section */
		84356DCC1C060850004AD44D /* Utils.cpp in Sources */ = {isa = PBXBuildFile; fileRef = 84356DCA1C060850004AD44D /* Utils.cpp */; };
		849626611C03053000B4E3E2 /* main.cpp in Sources */ = {isa = PBXBuildFile; fileRef = 849626601C03053000B4E3E2 /* main.cpp */; };
		849626691C030C2500B4E3E2 /* IOKit.framework in Frameworks */ = {isa = PBXBuildFile; fileRef = 849626681C030C2500B4E3E2 /* IOKit.framework */; };
		8496266F1C0317BD00B4E3E2 /* Gamepad_macosx.c in Sources */ = {isa = PBXBuildFile; fileRef = 8496266B1C0317BD00B4E3E2 /* Gamepad_macosx.c */; };
		849626701C0317BD00B4E3E2 /* Gamepad_private.c in Sources */ = {isa = PBXBuildFile; fileRef = 8496266C1C0317BD00B4E3E2 /* Gamepad_private.c */; };
		849626721C036A9A00B4E3E2 /* ApplicationServices.framework in Frameworks */ = {isa = PBXBuildFile; fileRef = 849626711C036A9A00B4E3E2 /* ApplicationServices.framework */; };
		84A40CA21C037D1F00224D66 /* SysEvents.cpp in Sources */ = {isa = PBXBuildFile; fileRef = 84A40CA11C037D1F00224D66 /* SysEvents.cpp */; };
/* End PBXBuildFile section */

/* Begin PBXCopyFilesBuildPhase section */
		8496265B1C03053000B4E3E2 /* CopyFiles */ = {
			isa = PBXCopyFilesBuildPhase;
			buildActionMask = 2147483647;
			dstPath = /usr/share/man/man1/;
			dstSubfolderSpec = 0;
			files = (
			);
			runOnlyForDeploymentPostprocessing = 1;
		};
/* End PBXCopyFilesBuildPhase section */

/* Begin PBXFileReference section */
		84356DCA1C060850004AD44D /* Utils.cpp */ = {isa = PBXFileReference; fileEncoding = 4; lastKnownFileType = sourcecode.cpp.cpp; path = Utils.cpp; sourceTree = "<group>"; };
		84356DCB1C060850004AD44D /* Utils.h */ = {isa = PBXFileReference; fileEncoding = 4; lastKnownFileType = sourcecode.c.h; path = Utils.h; sourceTree = "<group>"; };
		8496265D1C03053000B4E3E2 /* GamepadWrapper */ = {isa = PBXFileReference; explicitFileType = "compiled.mach-o.executable"; includeInIndex = 0; path = GamepadWrapper; sourceTree = BUILT_PRODUCTS_DIR; };
		849626601C03053000B4E3E2 /* main.cpp */ = {isa = PBXFileReference; lastKnownFileType = sourcecode.cpp.cpp; path = main.cpp; sourceTree = "<group>"; };
		849626681C030C2500B4E3E2 /* IOKit.framework */ = {isa = PBXFileReference; lastKnownFileType = wrapper.framework; name = IOKit.framework; path = System/Library/Frameworks/IOKit.framework; sourceTree = SDKROOT; };
		8496266B1C0317BD00B4E3E2 /* Gamepad_macosx.c */ = {isa = PBXFileReference; fileEncoding = 4; lastKnownFileType = sourcecode.c.c; name = Gamepad_macosx.c; path = gamepad/Gamepad_macosx.c; sourceTree = "<group>"; };
		8496266C1C0317BD00B4E3E2 /* Gamepad_private.c */ = {isa = PBXFileReference; fileEncoding = 4; lastKnownFileType = sourcecode.c.c; name = Gamepad_private.c; path = gamepad/Gamepad_private.c; sourceTree = "<group>"; };
		8496266D1C0317BD00B4E3E2 /* Gamepad_private.h */ = {isa = PBXFileReference; fileEncoding = 4; lastKnownFileType = sourcecode.c.h; name = Gamepad_private.h; path = gamepad/Gamepad_private.h; sourceTree = "<group>"; };
		8496266E1C0317BD00B4E3E2 /* Gamepad.h */ = {isa = PBXFileReference; fileEncoding = 4; lastKnownFileType = sourcecode.c.h; name = Gamepad.h; path = gamepad/Gamepad.h; sourceTree = "<group>"; };
		849626711C036A9A00B4E3E2 /* ApplicationServices.framework */ = {isa = PBXFileReference; lastKnownFileType = wrapper.framework; name = ApplicationServices.framework; path = System/Library/Frameworks/ApplicationServices.framework; sourceTree = SDKROOT; };
		84A40CA01C037CC100224D66 /* SysEvents.h */ = {isa = PBXFileReference; lastKnownFileType = sourcecode.c.h; path = SysEvents.h; sourceTree = "<group>"; };
		84A40CA11C037D1F00224D66 /* SysEvents.cpp */ = {isa = PBXFileReference; fileEncoding = 4; lastKnownFileType = sourcecode.cpp.cpp; path = SysEvents.cpp; sourceTree = "<group>"; };
/* End PBXFileReference section */

/* Begin PBXFrameworksBuildPhase section */
		8496265A1C03053000B4E3E2 /* Frameworks */ = {
			isa = PBXFrameworksBuildPhase;
			buildActionMask = 2147483647;
			files = (
				849626721C036A9A00B4E3E2 /* ApplicationServices.framework in Frameworks */,
				849626691C030C2500B4E3E2 /* IOKit.framework in Frameworks */,
			);
			runOnlyForDeploymentPostprocessing = 0;
		};
/* End PBXFrameworksBuildPhase section */

/* Begin PBXGroup section */
		849626541C03052F00B4E3E2 = {
			isa = PBXGroup;
			children = (
				849626711C036A9A00B4E3E2 /* ApplicationServices.framework */,
				849626681C030C2500B4E3E2 /* IOKit.framework */,
				8496265F1C03053000B4E3E2 /* GamepadWrapper */,
				8496265E1C03053000B4E3E2 /* Products */,
			);
			sourceTree = "<group>";
		};
		8496265E1C03053000B4E3E2 /* Products */ = {
			isa = PBXGroup;
			children = (
				8496265D1C03053000B4E3E2 /* GamepadWrapper */,
			);
			name = Products;
			sourceTree = "<group>";
		};
		8496265F1C03053000B4E3E2 /* GamepadWrapper */ = {
			isa = PBXGroup;
			children = (
				84A40C9F1C037CA300224D66 /* gamepad */,
				849626601C03053000B4E3E2 /* main.cpp */,
				84A40CA01C037CC100224D66 /* SysEvents.h */,
				84A40CA11C037D1F00224D66 /* SysEvents.cpp */,
				84356DCA1C060850004AD44D /* Utils.cpp */,
				84356DCB1C060850004AD44D /* Utils.h */,
			);
			path = GamepadWrapper;
			sourceTree = "<group>";
		};
		84A40C9F1C037CA300224D66 /* gamepad */ = {
			isa = PBXGroup;
			children = (
				8496266B1C0317BD00B4E3E2 /* Gamepad_macosx.c */,
				8496266C1C0317BD00B4E3E2 /* Gamepad_private.c */,
				8496266D1C0317BD00B4E3E2 /* Gamepad_private.h */,
				8496266E1C0317BD00B4E3E2 /* Gamepad.h */,
			);
			name = gamepad;
			sourceTree = "<group>";
		};
/* End PBXGroup section */

/* Begin PBXNativeTarget section */
		8496265C1C03053000B4E3E2 /* GamepadWrapper */ = {
			isa = PBXNativeTarget;
			buildConfigurationList = 849626641C03053000B4E3E2 /* Build configuration list for PBXNativeTarget "GamepadWrapper" */;
			buildPhases = (
				849626591C03053000B4E3E2 /* Sources */,
				8496265A1C03053000B4E3E2 /* Frameworks */,
				8496265B1C03053000B4E3E2 /* CopyFiles */,
			);
			buildRules = (
			);
			dependencies = (
			);
			name = GamepadWrapper;
			productName = GamepadWrapper;
			productReference = 8496265D1C03053000B4E3E2 /* GamepadWrapper */;
			productType = "com.apple.product-type.tool";
		};
/* End PBXNativeTarget section */

/* Begin PBXProject section */
		849626551C03052F00B4E3E2 /* Project object */ = {
			isa = PBXProject;
			attributes = {
				LastUpgradeCheck = 0710;
				ORGANIZATIONNAME = CHARSLAB;
				TargetAttributes = {
					8496265C1C03053000B4E3E2 = {
						CreatedOnToolsVersion = 7.1.1;
					};
				};
			};
			buildConfigurationList = 849626581C03052F00B4E3E2 /* Build configuration list for PBXProject "GamepadWrapper" */;
			compatibilityVersion = "Xcode 3.2";
			developmentRegion = English;
			hasScannedForEncodings = 0;
			knownRegions = (
				en,
			);
			mainGroup = 849626541C03052F00B4E3E2;
			productRefGroup = 8496265E1C03053000B4E3E2 /* Products */;
			projectDirPath = "";
			projectRoot = "";
			targets = (
				8496265C1C03053000B4E3E2 /* GamepadWrapper */,
			);
		};
/* End PBXProject section */

/* Begin PBXSourcesBuildPhase section */
		849626591C03053000B4E3E2 /* Sources */ = {
			isa = PBXSourcesBuildPhase;
			buildActionMask = 2147483647;
			files = (
				84A40CA21C037D1F00224D66 /* SysEvents.cpp in Sources */,
				849626701C0317BD00B4E3E2 /* Gamepad_private.c in Sources */,
				8496266F1C0317BD00B4E3E2 /* Gamepad_macosx.c in Sources */,
				84356DCC1C060850004AD44D /* Utils.cpp in Sources */,
				849626611C03053000B4E3E2 /* main.cpp in Sources */,
			);
			runOnlyForDeploymentPostprocessing = 0;
		};
/* End PBXSourcesBuildPhase section */

/* Begin XCBuildConfiguration section */
		849626621C03053000B4E3E2 /* Debug */ = {
			isa = XCBuildConfiguration;
			buildSettings = {
				ALWAYS_SEARCH_USER_PATHS = NO;
				CLANG_CXX_LANGUAGE_STANDARD = "gnu++0x";
				CLANG_CXX_LIBRARY = "libc++";
				CLANG_ENABLE_MODULES = YES;
				CLANG_ENABLE_OBJC_ARC = YES;
				CLANG_WARN_BOOL_CONVERSION = YES;
				CLANG_WARN_CONSTANT_CONVERSION = YES;
				CLANG_WARN_DIRECT_OBJC_ISA_USAGE = YES_ERROR;
				CLANG_WARN_EMPTY_BODY = YES;
				CLANG_WARN_ENUM_CONVERSION = YES;
				CLANG_WARN_INT_CONVERSION = YES;
				CLANG_WARN_OBJC_ROOT_CLASS = YES_ERROR;
				CLANG_WARN_UNREACHABLE_CODE = YES;
				CLANG_WARN__DUPLICATE_METHOD_MATCH = YES;
				CODE_SIGN_IDENTITY = "-";
				COPY_PHASE_STRIP = NO;
				DEBUG_INFORMATION_FORMAT = dwarf;
				ENABLE_STRICT_OBJC_MSGSEND = YES;
				ENABLE_TESTABILITY = YES;
				GCC_C_LANGUAGE_STANDARD = gnu99;
				GCC_DYNAMIC_NO_PIC = NO;
				GCC_NO_COMMON_BLOCKS = YES;
				GCC_OPTIMIZATION_LEVEL = 0;
				GCC_PREPROCESSOR_DEFINITIONS = (
					"DEBUG=1",
					"$(inherited)",
				);
				GCC_WARN_64_TO_32_BIT_CONVERSION = YES;
				GCC_WARN_ABOUT_RETURN_TYPE = YES_ERROR;
				GCC_WARN_UNDECLARED_SELECTOR = YES;
				GCC_WARN_UNINITIALIZED_AUTOS = YES_AGGRESSIVE;
				GCC_WARN_UNUSED_FUNCTION = YES;
				GCC_WARN_UNUSED_VARIABLE = YES;
				MACOSX_DEPLOYMENT_TARGET = 10.11;
				MTL_ENABLE_DEBUG_INFO = YES;
				ONLY_ACTIVE_ARCH = YES;
				SDKROOT = macosx;
			};
			name = Debug;
		};
		849626631C03053000B4E3E2 /* Release */ = {
			isa = XCBuildConfiguration;
			buildSettings = {
				ALWAYS_SEARCH_USER_PATHS = NO;
				CLANG_CXX_LANGUAGE_STANDARD = "gnu++0x";
				CLANG_CXX_LIBRARY = "libc++";
				CLANG_ENABLE_MODULES = YES;
				CLANG_ENABLE_OBJC_ARC = YES;
				CLANG_WARN_BOOL_CONVERSION = YES;
				CLANG_WARN_CONSTANT_CONVERSION = YES;
				CLANG_WARN_DIRECT_OBJC_ISA_USAGE = YES_ERROR;
				CLANG_WARN_EMPTY_BODY = YES;
				CLANG_WARN_ENUM_CONVERSION = YES;
				CLANG_WARN_INT_CONVERSION = YES;
				CLANG_WARN_OBJC_ROOT_CLASS = YES_ERROR;
				CLANG_WARN_UNREACHABLE_CODE = YES;
				CLANG_WARN__DUPLICATE_METHOD_MATCH = YES;
				CODE_SIGN_IDENTITY = "-";
				COPY_PHASE_STRIP = NO;
				DEBUG_INFORMATION_FORMAT = "dwarf-with-dsym";
				ENABLE_NS_ASSERTIONS = NO;
				ENABLE_STRICT_OBJC_MSGSEND = YES;
				GCC_C_LANGUAGE_STANDARD = gnu99;
				GCC_NO_COMMON_BLOCKS = YES;
				GCC_WARN_64_TO_32_BIT_CONVERSION = YES;
				GCC_WARN_ABOUT_RETURN_TYPE = YES_ERROR;
				GCC_WARN_UNDECLARED_SELECTOR = YES;
				GCC_WARN_UNINITIALIZED_AUTOS = YES_AGGRESSIVE;
				GCC_WARN_UNUSED_FUNCTION = YES;
				GCC_WARN_UNUSED_VARIABLE = YES;
				MACOSX_DEPLOYMENT_TARGET = 10.11;
				MTL_ENABLE_DEBUG_INFO = NO;
				SDKROOT = macosx;
			};
			name = Release;
		};
		849626651C03053000B4E3E2 /* Debug */ = {
			isa = XCBuildConfiguration;
			buildSettings = {
				ARCHS = "$(ARCHS_STANDARD)";
				GCC_C_LANGUAGE_STANDARD = c99;
				PRODUCT_NAME = "$(TARGET_NAME)";
			};
			name = Debug;
		};
		849626661C03053000B4E3E2 /* Release */ = {
			isa = XCBuildConfiguration;
			buildSettings = {
				ARCHS = "$(ARCHS_STANDARD)";
				GCC_C_LANGUAGE_STANDARD = c99;
				PRODUCT_NAME = "$(TARGET_NAME)";
			};
			name = Release;
		};
/* End XCBuildConfiguration section */

/* Begin XCConfigurationList section */
		849626581C03052F00B4E3E2 /* Build configuration list for PBXProject "GamepadWrapper" */ = {
			isa = XCConfigurationList;
			buildConfigurations = (
				849626621C03053000B4E3E2 /* Debug */,
				849626631C03053000B4E3E2 /* Release */,
			);
			defaultConfigurationIsVisible = 0;
			defaultConfigurationName = Release;
		};
		849626641C03053000B4E3E2 /* Build configuration list for PBXNativeTarget "GamepadWrapper" */ = {
			isa = XCConfigurationList;
			buildConfigurations = (
				849626651C03053000B4E3E2 /* Debug */,
				849626661C03053000B4E3E2 /* Release */,
			);
			defaultConfigurationIsVisible = 0;
			defaultConfigurationName = Release;
		};
/* End XCConfigurationList section */
	};
	rootObject = 849626551C03052F00B4E3E2 /* Project object */;
}
